
Microsoft Visual Studio Solution File, Format Version 12.00
# Visual Studio 15
VisualStudioVersion = 15.0.28307.705
MinimumVisualStudioVersion = 10.0.40219.1
Project("{FAE04EC0-301F-11D3-BF4B-00C04F79EFBC}") = "Hola Amazon", "Hola Amazon\Hola Amazon.csproj", "{A076B22B-EF49-4B26-94BE-9C1D78525AC0}"
EndProject
Global
	GlobalSection(SolutionConfigurationPlatforms) = preSolution
		Debug|Any CPU = Debug|Any CPU
		Release|Any CPU = Release|Any CPU
	EndGlobalSection
	GlobalSection(ProjectConfigurationPlatforms) = postSolution
		{A076B22B-EF49-4B26-94BE-9C1D78525AC0}.Debug|Any CPU.ActiveCfg = Debug|Any CPU
		{A076B22B-EF49-4B26-94BE-9C1D78525AC0}.Debug|Any CPU.Build.0 = Debug|Any CPU
		{A076B22B-EF49-4B26-94BE-9C1D78525AC0}.Release|Any CPU.ActiveCfg = Release|Any CPU
		{A076B22B-EF49-4B26-94BE-9C1D78525AC0}.Release|Any CPU.Build.0 = Release|Any CPU
	EndGlobalSection
	GlobalSection(SolutionProperties) = preSolution
		HideSolutionNode = FALSE
	EndGlobalSection
	GlobalSection(ExtensibilityGlobals) = postSolution
		SolutionGuid = {88FD009B-CBF6-4F2C-90E8-431E5E3B2CF9}
	EndGlobalSection
EndGlobal
